
Microsoft Visual Studio Solution File, Format Version 12.00
# Visual Studio Version 17
VisualStudioVersion = 17.5.33516.290
MinimumVisualStudioVersion = 10.0.40219.1
Project("{9A19103F-16F7-4668-BE54-9A1E7A4F7556}") = "MEO-XPTO", "MEO-XPTO\MEO-XPTO.csproj", "{CF8BDDF6-3C3D-4272-89A1-DC2CD40B9DF8}"
EndProject
Project("{FAE04EC0-301F-11D3-BF4B-00C04F79EFBC}") = "TestsProject", "TestsProject\TestsProject.csproj", "{8B64ADAC-8317-455D-BA51-D5373417F24C}"
EndProject
Global
	GlobalSection(SolutionConfigurationPlatforms) = preSolution
		Debug|Any CPU = Debug|Any CPU
		Release|Any CPU = Release|Any CPU
	EndGlobalSection
	GlobalSection(ProjectConfigurationPlatforms) = postSolution
		{CF8BDDF6-3C3D-4272-89A1-DC2CD40B9DF8}.Debug|Any CPU.ActiveCfg = Debug|Any CPU
		{CF8BDDF6-3C3D-4272-89A1-DC2CD40B9DF8}.Debug|Any CPU.Build.0 = Debug|Any CPU
		{CF8BDDF6-3C3D-4272-89A1-DC2CD40B9DF8}.Release|Any CPU.ActiveCfg = Release|Any CPU
		{CF8BDDF6-3C3D-4272-89A1-DC2CD40B9DF8}.Release|Any CPU.Build.0 = Release|Any CPU
		{8B64ADAC-8317-455D-BA51-D5373417F24C}.Debug|Any CPU.ActiveCfg = Debug|Any CPU
		{8B64ADAC-8317-455D-BA51-D5373417F24C}.Debug|Any CPU.Build.0 = Debug|Any CPU
		{8B64ADAC-8317-455D-BA51-D5373417F24C}.Release|Any CPU.ActiveCfg = Release|Any CPU
		{8B64ADAC-8317-455D-BA51-D5373417F24C}.Release|Any CPU.Build.0 = Release|Any CPU
	EndGlobalSection
	GlobalSection(SolutionProperties) = preSolution
		HideSolutionNode = FALSE
	EndGlobalSection
	GlobalSection(ExtensibilityGlobals) = postSolution
		SolutionGuid = {B59374A6-902E-431E-82BC-D3A90462E4E3}
	EndGlobalSection
EndGlobal
